
Microsoft Visual Studio Solution File, Format Version 12.00
# Visual Studio Version 16
VisualStudioVersion = 16.0.29609.76
MinimumVisualStudioVersion = 10.0.40219.1
Project("{FAE04EC0-301F-11D3-BF4B-00C04F79EFBC}") = "knapsackplanner", "knapsackplanner\knapsackplanner.csproj", "{A6AA25C7-30D6-460C-95D9-78B530F82BB5}"
EndProject
Global
	GlobalSection(SolutionConfigurationPlatforms) = preSolution
		Debug|Any CPU = Debug|Any CPU
		Release|Any CPU = Release|Any CPU
	EndGlobalSection
	GlobalSection(ProjectConfigurationPlatforms) = postSolution
		{A6AA25C7-30D6-460C-95D9-78B530F82BB5}.Debug|Any CPU.ActiveCfg = Debug|Any CPU
		{A6AA25C7-30D6-460C-95D9-78B530F82BB5}.Debug|Any CPU.Build.0 = Debug|Any CPU
		{A6AA25C7-30D6-460C-95D9-78B530F82BB5}.Release|Any CPU.ActiveCfg = Release|Any CPU
		{A6AA25C7-30D6-460C-95D9-78B530F82BB5}.Release|Any CPU.Build.0 = Release|Any CPU
	EndGlobalSection
	GlobalSection(SolutionProperties) = preSolution
		HideSolutionNode = FALSE
	EndGlobalSection
	GlobalSection(ExtensibilityGlobals) = postSolution
		SolutionGuid = {DA9A666A-989D-4CA9-8AB2-B439A2642165}
	EndGlobalSection
EndGlobal
