
Microsoft Visual Studio Solution File, Format Version 12.00
# Visual Studio Version 16
VisualStudioVersion = 16.0.29519.181
MinimumVisualStudioVersion = 10.0.40219.1
Project("{2150E333-8FDC-42A3-9474-1A3956D46DE8}") = "Solution Items", "Solution Items", "{898042BF-2565-4777-8C5F-3EB376044864}"
	ProjectSection(SolutionItems) = preProject
		.editorconfig = .editorconfig
	EndProjectSection
EndProject
Project("{FAE04EC0-301F-11D3-BF4B-00C04F79EFBC}") = "WindFarm2021", "WindFarm2021\WindFarm2021.csproj", "{7E4C8BCD-2021-4C8D-B15E-6E506DBC31C8}"
EndProject
Global
	GlobalSection(SolutionConfigurationPlatforms) = preSolution
		Debug|Any CPU = Debug|Any CPU
		Release|Any CPU = Release|Any CPU
	EndGlobalSection
	GlobalSection(ProjectConfigurationPlatforms) = postSolution
		{7E4C8BCD-2021-4C8D-B15E-6E506DBC31C8}.Debug|Any CPU.ActiveCfg = Debug|Any CPU
		{7E4C8BCD-2021-4C8D-B15E-6E506DBC31C8}.Debug|Any CPU.Build.0 = Debug|Any CPU
		{7E4C8BCD-2021-4C8D-B15E-6E506DBC31C8}.Release|Any CPU.ActiveCfg = Release|Any CPU
		{7E4C8BCD-2021-4C8D-B15E-6E506DBC31C8}.Release|Any CPU.Build.0 = Release|Any CPU
	EndGlobalSection
	GlobalSection(SolutionProperties) = preSolution
		HideSolutionNode = FALSE
	EndGlobalSection
	GlobalSection(NestedProjects) = preSolution
		{7E4C8BCD-2021-4C8D-B15E-6E506DBC31C8} = {898042BF-2565-4777-8C5F-3EB376044864}
	EndGlobalSection
	GlobalSection(ExtensibilityGlobals) = postSolution
		SolutionGuid = {05B1EA06-9A95-466F-98B5-2F218D5FFDF2}
	EndGlobalSection
EndGlobal
